// !$*UTF8*$!
{
	archiveVersion = 1;
	classes = {
	};
	objectVersion = 50;
	objects = {

/* Begin PBXBuildFile section */
		871AD53F26CC7F9200D67872 /* AppDelegate.swift in Sources */ = {isa = PBXBuildFile; fileRef = 871AD53E26CC7F9200D67872 /* AppDelegate.swift */; };
		871AD54126CC7F9200D67872 /* SceneDelegate.swift in Sources */ = {isa = PBXBuildFile; fileRef = 871AD54026CC7F9200D67872 /* SceneDelegate.swift */; };
		871AD54826CC7F9400D67872 /* Assets.xcassets in Resources */ = {isa = PBXBuildFile; fileRef = 871AD54726CC7F9400D67872 /* Assets.xcassets */; };
		871AD54B26CC7F9400D67872 /* LaunchScreen.storyboard in Resources */ = {isa = PBXBuildFile; fileRef = 871AD54926CC7F9400D67872 /* LaunchScreen.storyboard */; };
		871AD55326CC810100D67872 /* ViewController.swift in Sources */ = {isa = PBXBuildFile; fileRef = 871AD55226CC810100D67872 /* ViewController.swift */; };
		E038DC50B88450214C79C8E8 /* Pods_GetDirections.framework in Frameworks */ = {isa = PBXBuildFile; fileRef = 0FFC7B5878975B18E931BC24 /* Pods_GetDirections.framework */; };
/* End PBXBuildFile section */

/* Begin PBXFileReference section */
		0FFC7B5878975B18E931BC24 /* Pods_GetDirections.framework */ = {isa = PBXFileReference; explicitFileType = wrapper.framework; includeInIndex = 0; path = Pods_GetDirections.framework; sourceTree = BUILT_PRODUCTS_DIR; };
		504DA48B5CF3FF7D9F527595 /* Pods-GetDirections.release.xcconfig */ = {isa = PBXFileReference; includeInIndex = 1; lastKnownFileType = text.xcconfig; name = "Pods-GetDirections.release.xcconfig"; path = "Target Support Files/Pods-GetDirections/Pods-GetDirections.release.xcconfig"; sourceTree = "<group>"; };
		871AD53B26CC7F9200D67872 /* GetDirections.app */ = {isa = PBXFileReference; explicitFileType = wrapper.application; includeInIndex = 0; path = GetDirections.app; sourceTree = BUILT_PRODUCTS_DIR; };
		871AD53E26CC7F9200D67872 /* AppDelegate.swift */ = {isa = PBXFileReference; lastKnownFileType = sourcecode.swift; path = AppDelegate.swift; sourceTree = "<group>"; };
		871AD54026CC7F9200D67872 /* SceneDelegate.swift */ = {isa = PBXFileReference; lastKnownFileType = sourcecode.swift; path = SceneDelegate.swift; sourceTree = "<group>"; };
		871AD54726CC7F9400D67872 /* Assets.xcassets */ = {isa = PBXFileReference; lastKnownFileType = folder.assetcatalog; path = Assets.xcassets; sourceTree = "<group>"; };
		871AD54A26CC7F9400D67872 /* Base */ = {isa = PBXFileReference; lastKnownFileType = file.storyboard; name = Base; path = Base.lproj/LaunchScreen.storyboard; sourceTree = "<group>"; };
		871AD54C26CC7F9400D67872 /* Info.plist */ = {isa = PBXFileReference; lastKnownFileType = text.plist.xml; path = Info.plist; sourceTree = "<group>"; };
		871AD55226CC810100D67872 /* ViewController.swift */ = {isa = PBXFileReference; fileEncoding = 4; lastKnownFileType = sourcecode.swift; path = ViewController.swift; sourceTree = "<group>"; };
		88D108E526EDE227F3FBD30E /* Pods-GetDirections.debug.xcconfig */ = {isa = PBXFileReference; includeInIndex = 1; lastKnownFileType = text.xcconfig; name = "Pods-GetDirections.debug.xcconfig"; path = "Target Support Files/Pods-GetDirections/Pods-GetDirections.debug.xcconfig"; sourceTree = "<group>"; };
/* End PBXFileReference section */

/* Begin PBXFrameworksBuildPhase section */
		871AD53826CC7F9200D67872 /* Frameworks */ = {
			isa = PBXFrameworksBuildPhase;
			buildActionMask = 2147483647;
			files = (
				E038DC50B88450214C79C8E8 /* Pods_GetDirections.framework in Frameworks */,
			);
			runOnlyForDeploymentPostprocessing = 0;
		};
/* End PBXFrameworksBuildPhase section */

/* Begin PBXGroup section */
		6F19651861CA2C533234CE56 /* Frameworks */ = {
			isa = PBXGroup;
			children = (
				0FFC7B5878975B18E931BC24 /* Pods_GetDirections.framework */,
			);
			name = Frameworks;
			sourceTree = "<group>";
		};
		871AD53226CC7F9200D67872 = {
			isa = PBXGroup;
			children = (
				871AD53D26CC7F9200D67872 /* GetDirections */,
				871AD53C26CC7F9200D67872 /* Products */,
				A934F8B9D6455B9AAEC6BF10 /* Pods */,
				6F19651861CA2C533234CE56 /* Frameworks */,
			);
			sourceTree = "<group>";
		};
		871AD53C26CC7F9200D67872 /* Products */ = {
			isa = PBXGroup;
			children = (
				871AD53B26CC7F9200D67872 /* GetDirections.app */,
			);
			name = Products;
			sourceTree = "<group>";
		};
		871AD53D26CC7F9200D67872 /* GetDirections */ = {
			isa = PBXGroup;
			children = (
				871AD53E26CC7F9200D67872 /* AppDelegate.swift */,
				871AD54026CC7F9200D67872 /* SceneDelegate.swift */,
				871AD55226CC810100D67872 /* ViewController.swift */,
				871AD54726CC7F9400D67872 /* Assets.xcassets */,
				871AD54926CC7F9400D67872 /* LaunchScreen.storyboard */,
				871AD54C26CC7F9400D67872 /* Info.plist */,
			);
			path = GetDirections;
			sourceTree = "<group>";
		};
		A934F8B9D6455B9AAEC6BF10 /* Pods */ = {
			isa = PBXGroup;
			children = (
				88D108E526EDE227F3FBD30E /* Pods-GetDirections.debug.xcconfig */,
				504DA48B5CF3FF7D9F527595 /* Pods-GetDirections.release.xcconfig */,
			);
			name = Pods;
			path = Pods;
			sourceTree = "<group>";
		};
/* End PBXGroup section */

/* Begin PBXNativeTarget section */
		871AD53A26CC7F9200D67872 /* GetDirections */ = {
			isa = PBXNativeTarget;
			buildConfigurationList = 871AD54F26CC7F9400D67872 /* Build configuration list for PBXNativeTarget "GetDirections" */;
			buildPhases = (
				E1E8E6CC3F6A6559C6C07D14 /* [CP] Check Pods Manifest.lock */,
				871AD53726CC7F9200D67872 /* Sources */,
				871AD53826CC7F9200D67872 /* Frameworks */,
				871AD53926CC7F9200D67872 /* Resources */,
				EBE1984C131B2888CCE3AB69 /* [CP] Embed Pods Frameworks */,
			);
			buildRules = (
			);
			dependencies = (
			);
			name = GetDirections;
			productName = GetDirections;
			productReference = 871AD53B26CC7F9200D67872 /* GetDirections.app */;
			productType = "com.apple.product-type.application";
		};
/* End PBXNativeTarget section */

/* Begin PBXProject section */
		871AD53326CC7F9200D67872 /* Project object */ = {
			isa = PBXProject;
			attributes = {
				LastSwiftUpdateCheck = 1250;
				LastUpgradeCheck = 1250;
				TargetAttributes = {
					871AD53A26CC7F9200D67872 = {
						CreatedOnToolsVersion = 12.5.1;
					};
				};
			};
			buildConfigurationList = 871AD53626CC7F9200D67872 /* Build configuration list for PBXProject "GetDirections" */;
			compatibilityVersion = "Xcode 9.3";
			developmentRegion = en;
			hasScannedForEncodings = 0;
			knownRegions = (
				en,
				Base,
			);
			mainGroup = 871AD53226CC7F9200D67872;
			productRefGroup = 871AD53C26CC7F9200D67872 /* Products */;
			projectDirPath = "";
			projectRoot = "";
			targets = (
				871AD53A26CC7F9200D67872 /* GetDirections */,
			);
		};
/* End PBXProject section */

/* Begin PBXResourcesBuildPhase section */
		871AD53926CC7F9200D67872 /* Resources */ = {
			isa = PBXResourcesBuildPhase;
			buildActionMask = 2147483647;
			files = (
				871AD54B26CC7F9400D67872 /* LaunchScreen.storyboard in Resources */,
				871AD54826CC7F9400D67872 /* Assets.xcassets in Resources */,
			);
			runOnlyForDeploymentPostprocessing = 0;
		};
/* End PBXResourcesBuildPhase section */

/* Begin PBXShellScriptBuildPhase section */
		E1E8E6CC3F6A6559C6C07D14 /* [CP] Check Pods Manifest.lock */ = {
			isa = PBXShellScriptBuildPhase;
			buildActionMask = 2147483647;
			files = (
			);
			inputFileListPaths = (
			);
			inputPaths = (
				"${PODS_PODFILE_DIR_PATH}/Podfile.lock",
				"${PODS_ROOT}/Manifest.lock",
			);
			name = "[CP] Check Pods Manifest.lock";
			outputFileListPaths = (
			);
			outputPaths = (
				"$(DERIVED_FILE_DIR)/Pods-GetDirections-checkManifestLockResult.txt",
			);
			runOnlyForDeploymentPostprocessing = 0;
			shellPath = /bin/sh;
			shellScript = "diff \"${PODS_PODFILE_DIR_PATH}/Podfile.lock\" \"${PODS_ROOT}/Manifest.lock\" > /dev/null\nif [ $? != 0 ] ; then\n    # print error to STDERR\n    echo \"error: The sandbox is not in sync with the Podfile.lock. Run 'pod install' or update your CocoaPods installation.\" >&2\n    exit 1\nfi\n# This output is used by Xcode 'outputs' to avoid re-running this script phase.\necho \"SUCCESS\" > \"${SCRIPT_OUTPUT_FILE_0}\"\n";
			showEnvVarsInLog = 0;
		};
		EBE1984C131B2888CCE3AB69 /* [CP] Embed Pods Frameworks */ = {
			isa = PBXShellScriptBuildPhase;
			buildActionMask = 2147483647;
			files = (
			);
			inputFileListPaths = (
				"${PODS_ROOT}/Target Support Files/Pods-GetDirections/Pods-GetDirections-frameworks-${CONFIGURATION}-input-files.xcfilelist",
			);
			name = "[CP] Embed Pods Frameworks";
			outputFileListPaths = (
				"${PODS_ROOT}/Target Support Files/Pods-GetDirections/Pods-GetDirections-frameworks-${CONFIGURATION}-output-files.xcfilelist",
			);
			runOnlyForDeploymentPostprocessing = 0;
			shellPath = /bin/sh;
			shellScript = "\"${PODS_ROOT}/Target Support Files/Pods-GetDirections/Pods-GetDirections-frameworks.sh\"\n";
			showEnvVarsInLog = 0;
		};
/* End PBXShellScriptBuildPhase section */

/* Begin PBXSourcesBuildPhase section */
		871AD53726CC7F9200D67872 /* Sources */ = {
			isa = PBXSourcesBuildPhase;
			buildActionMask = 2147483647;
			files = (
				871AD55326CC810100D67872 /* ViewController.swift in Sources */,
				871AD53F26CC7F9200D67872 /* AppDelegate.swift in Sources */,
				871AD54126CC7F9200D67872 /* SceneDelegate.swift in Sources */,
			);
			runOnlyForDeploymentPostprocessing = 0;
		};
/* End PBXSourcesBuildPhase section */

/* Begin PBXVariantGroup section */
		871AD54926CC7F9400D67872 /* LaunchScreen.storyboard */ = {
			isa = PBXVariantGroup;
			children = (
				871AD54A26CC7F9400D67872 /* Base */,
			);
			name = LaunchScreen.storyboard;
			sourceTree = "<group>";
		};
/* End PBXVariantGroup section */

/* Begin XCBuildConfiguration section */
		871AD54D26CC7F9400D67872 /* Debug */ = {
			isa = XCBuildConfiguration;
			buildSettings = {
				ALWAYS_SEARCH_USER_PATHS = NO;
				CLANG_ANALYZER_NONNULL = YES;
				CLANG_ANALYZER_NUMBER_OBJECT_CONVERSION = YES_AGGRESSIVE;
				CLANG_CXX_LANGUAGE_STANDARD = "gnu++14";
				CLANG_CXX_LIBRARY = "libc++";
				CLANG_ENABLE_MODULES = YES;
				CLANG_ENABLE_OBJC_ARC = YES;
				CLANG_ENABLE_OBJC_WEAK = YES;
				CLANG_WARN_BLOCK_CAPTURE_AUTORELEASING = YES;
				CLANG_WARN_BOOL_CONVERSION = YES;
				CLANG_WARN_COMMA = YES;
				CLANG_WARN_CONSTANT_CONVERSION = YES;
				CLANG_WARN_DEPRECATED_OBJC_IMPLEMENTATIONS = YES;
				CLANG_WARN_DIRECT_OBJC_ISA_USAGE = YES_ERROR;
				CLANG_WARN_DOCUMENTATION_COMMENTS = YES;
				CLANG_WARN_EMPTY_BODY = YES;
				CLANG_WARN_ENUM_CONVERSION = YES;
				CLANG_WARN_INFINITE_RECURSION = YES;
				CLANG_WARN_INT_CONVERSION = YES;
				CLANG_WARN_NON_LITERAL_NULL_CONVERSION = YES;
				CLANG_WARN_OBJC_IMPLICIT_RETAIN_SELF = YES;
				CLANG_WARN_OBJC_LITERAL_CONVERSION = YES;
				CLANG_WARN_OBJC_ROOT_CLASS = YES_ERROR;
				CLANG_WARN_QUOTED_INCLUDE_IN_FRAMEWORK_HEADER = YES;
				CLANG_WARN_RANGE_LOOP_ANALYSIS = YES;
				CLANG_WARN_STRICT_PROTOTYPES = YES;
				CLANG_WARN_SUSPICIOUS_MOVE = YES;
				CLANG_WARN_UNGUARDED_AVAILABILITY = YES_AGGRESSIVE;
				CLANG_WARN_UNREACHABLE_CODE = YES;
				CLANG_WARN__DUPLICATE_METHOD_MATCH = YES;
				COPY_PHASE_STRIP = NO;
				DEBUG_INFORMATION_FORMAT = dwarf;
				ENABLE_STRICT_OBJC_MSGSEND = YES;
				ENABLE_TESTABILITY = YES;
				GCC_C_LANGUAGE_STANDARD = gnu11;
				GCC_DYNAMIC_NO_PIC = NO;
				GCC_NO_COMMON_BLOCKS = YES;
				GCC_OPTIMIZATION_LEVEL = 0;
				GCC_PREPROCESSOR_DEFINITIONS = (
					"DEBUG=1",
					"$(inherited)",
				);
				GCC_WARN_64_TO_32_BIT_CONVERSION = YES;
				GCC_WARN_ABOUT_RETURN_TYPE = YES_ERROR;
				GCC_WARN_UNDECLARED_SELECTOR = YES;
				GCC_WARN_UNINITIALIZED_AUTOS = YES_AGGRESSIVE;
				GCC_WARN_UNUSED_FUNCTION = YES;
				GCC_WARN_UNUSED_VARIABLE = YES;
				IPHONEOS_DEPLOYMENT_TARGET = 14.3;
				MTL_ENABLE_DEBUG_INFO = INCLUDE_SOURCE;
				MTL_FAST_MATH = YES;
				ONLY_ACTIVE_ARCH = YES;
				SDKROOT = iphoneos;
				SWIFT_ACTIVE_COMPILATION_CONDITIONS = DEBUG;
				SWIFT_OPTIMIZATION_LEVEL = "-Onone";
			};
			name = Debug;
		};
		871AD54E26CC7F9400D67872 /* Release */ = {
			isa = XCBuildConfiguration;
			buildSettings = {
				ALWAYS_SEARCH_USER_PATHS = NO;
				CLANG_ANALYZER_NONNULL = YES;
				CLANG_ANALYZER_NUMBER_OBJECT_CONVERSION = YES_AGGRESSIVE;
				CLANG_CXX_LANGUAGE_STANDARD = "gnu++14";
				CLANG_CXX_LIBRARY = "libc++";
				CLANG_ENABLE_MODULES = YES;
				CLANG_ENABLE_OBJC_ARC = YES;
				CLANG_ENABLE_OBJC_WEAK = YES;
				CLANG_WARN_BLOCK_CAPTURE_AUTORELEASING = YES;
				CLANG_WARN_BOOL_CONVERSION = YES;
				CLANG_WARN_COMMA = YES;
				CLANG_WARN_CONSTANT_CONVERSION = YES;
				CLANG_WARN_DEPRECATED_OBJC_IMPLEMENTATIONS = YES;
				CLANG_WARN_DIRECT_OBJC_ISA_USAGE = YES_ERROR;
				CLANG_WARN_DOCUMENTATION_COMMENTS = YES;
				CLANG_WARN_EMPTY_BODY = YES;
				CLANG_WARN_ENUM_CONVERSION = YES;
				CLANG_WARN_INFINITE_RECURSION = YES;
				CLANG_WARN_INT_CONVERSION = YES;
				CLANG_WARN_NON_LITERAL_NULL_CONVERSION = YES;
				CLANG_WARN_OBJC_IMPLICIT_RETAIN_SELF = YES;
				CLANG_WARN_OBJC_LITERAL_CONVERSION = YES;
				CLANG_WARN_OBJC_ROOT_CLASS = YES_ERROR;
				CLANG_WARN_QUOTED_INCLUDE_IN_FRAMEWORK_HEADER = YES;
				CLANG_WARN_RANGE_LOOP_ANALYSIS = YES;
				CLANG_WARN_STRICT_PROTOTYPES = YES;
				CLANG_WARN_SUSPICIOUS_MOVE = YES;
				CLANG_WARN_UNGUARDED_AVAILABILITY = YES_AGGRESSIVE;
				CLANG_WARN_UNREACHABLE_CODE = YES;
				CLANG_WARN__DUPLICATE_METHOD_MATCH = YES;
				COPY_PHASE_STRIP = NO;
				DEBUG_INFORMATION_FORMAT = "dwarf-with-dsym";
				ENABLE_NS_ASSERTIONS = NO;
				ENABLE_STRICT_OBJC_MSGSEND = YES;
				GCC_C_LANGUAGE_STANDARD = gnu11;
				GCC_NO_COMMON_BLOCKS = YES;
				GCC_WARN_64_TO_32_BIT_CONVERSION = YES;
				GCC_WARN_ABOUT_RETURN_TYPE = YES_ERROR;
				GCC_WARN_UNDECLARED_SELECTOR = YES;
				GCC_WARN_UNINITIALIZED_AUTOS = YES_AGGRESSIVE;
				GCC_WARN_UNUSED_FUNCTION = YES;
				GCC_WARN_UNUSED_VARIABLE = YES;
				IPHONEOS_DEPLOYMENT_TARGET = 14.3;
				MTL_ENABLE_DEBUG_INFO = NO;
				MTL_FAST_MATH = YES;
				SDKROOT = iphoneos;
				SWIFT_COMPILATION_MODE = wholemodule;
				SWIFT_OPTIMIZATION_LEVEL = "-O";
				VALIDATE_PRODUCT = YES;
			};
			name = Release;
		};
		871AD55026CC7F9400D67872 /* Debug */ = {
			isa = XCBuildConfiguration;
			baseConfigurationReference = 88D108E526EDE227F3FBD30E /* Pods-GetDirections.debug.xcconfig */;
			buildSettings = {
				ASSETCATALOG_COMPILER_APPICON_NAME = AppIcon;
				ASSETCATALOG_COMPILER_GLOBAL_ACCENT_COLOR_NAME = AccentColor;
				CODE_SIGN_STYLE = Automatic;
				INFOPLIST_FILE = GetDirections/Info.plist;
				LD_RUNPATH_SEARCH_PATHS = (
					"$(inherited)",
					"@executable_path/Frameworks",
				);
				PRODUCT_BUNDLE_IDENTIFIER = fzapata.GetDirections;
				PRODUCT_NAME = "$(TARGET_NAME)";
				SWIFT_VERSION = 5.0;
				TARGETED_DEVICE_FAMILY = "1,2";
			};
			name = Debug;
		};
		871AD55126CC7F9400D67872 /* Release */ = {
			isa = XCBuildConfiguration;
			baseConfigurationReference = 504DA48B5CF3FF7D9F527595 /* Pods-GetDirections.release.xcconfig */;
			buildSettings = {
				ASSETCATALOG_COMPILER_APPICON_NAME = AppIcon;
				ASSETCATALOG_COMPILER_GLOBAL_ACCENT_COLOR_NAME = AccentColor;
				CODE_SIGN_STYLE = Automatic;
				INFOPLIST_FILE = GetDirections/Info.plist;
				LD_RUNPATH_SEARCH_PATHS = (
					"$(inherited)",
					"@executable_path/Frameworks",
				);
				PRODUCT_BUNDLE_IDENTIFIER = fzapata.GetDirections;
				PRODUCT_NAME = "$(TARGET_NAME)";
				SWIFT_VERSION = 5.0;
				TARGETED_DEVICE_FAMILY = "1,2";
			};
			name = Release;
		};
/* End XCBuildConfiguration section */

/* Begin XCConfigurationList section */
		871AD53626CC7F9200D67872 /* Build configuration list for PBXProject "GetDirections" */ = {
			isa = XCConfigurationList;
			buildConfigurations = (
				871AD54D26CC7F9400D67872 /* Debug */,
				871AD54E26CC7F9400D67872 /* Release */,
			);
			defaultConfigurationIsVisible = 0;
			defaultConfigurationName = Release;
		};
		871AD54F26CC7F9400D67872 /* Build configuration list for PBXNativeTarget "GetDirections" */ = {
			isa = XCConfigurationList;
			buildConfigurations = (
				871AD55026CC7F9400D67872 /* Debug */,
				871AD55126CC7F9400D67872 /* Release */,
			);
			defaultConfigurationIsVisible = 0;
			defaultConfigurationName = Release;
		};
/* End XCConfigurationList section */
	};
	rootObject = 871AD53326CC7F9200D67872 /* Project object */;
}
